
Microsoft Visual Studio Solution File, Format Version 12.00
# Visual Studio Version 17
VisualStudioVersion = 17.2.32505.173
MinimumVisualStudioVersion = 10.0.40219.1
Project("{2150E333-8FDC-42A3-9474-1A3956D46DE8}") = "1 Lab", "1 Lab", "{2F810A48-F9FB-40C2-9575-554C06EF2698}"
EndProject
Project("{9A19103F-16F7-4668-BE54-9A1E7A4F7556}") = "FileTxt", "1 Lab\FileTxt\FileTxt.csproj", "{84329BB1-6EC8-4A8F-8633-2F8F6C10BCA7}"
EndProject
Project("{9A19103F-16F7-4668-BE54-9A1E7A4F7556}") = "FileTxtForm", "1 Lab\FileTxtForm\FileTxtForm.csproj", "{887BA5E3-BBC9-459A-A32E-1A241E1F0540}"
EndProject
Project("{2150E333-8FDC-42A3-9474-1A3956D46DE8}") = "2 Lab", "2 Lab", "{59461031-60E5-4051-BCBC-90C957152306}"
EndProject
Project("{9A19103F-16F7-4668-BE54-9A1E7A4F7556}") = "ProgrammerModel", "2 Lab\Programmer\ProgrammerModel.csproj", "{256672A5-E68B-4889-A068-A29CBF0E770C}"
EndProject
Project("{9A19103F-16F7-4668-BE54-9A1E7A4F7556}") = "ProgrammerForm", "2 Lab\ProgrammerForm\ProgrammerForm.csproj", "{613AAEA3-9834-490D-9209-E7D2793CB0C1}"
EndProject
Project("{2150E333-8FDC-42A3-9474-1A3956D46DE8}") = "3 Lab", "3 Lab", "{165A244D-C376-48E2-A1A5-B27FB5DE1795}"
EndProject
Project("{9A19103F-16F7-4668-BE54-9A1E7A4F7556}") = "FilmModels", "3 Lab\FilmModels\FilmModels.csproj", "{6810E9BF-9BBE-4A37-8F90-6EA0A2EE9490}"
EndProject
Project("{FAE04EC0-301F-11D3-BF4B-00C04F79EFBC}") = "FilmView", "3 Lab\FilmView\FilmView.csproj", "{084270BF-0305-4308-AB3E-DBCE7C59FCF9}"
EndProject
Project("{2150E333-8FDC-42A3-9474-1A3956D46DE8}") = "4 Lab", "4 Lab", "{ACBAAE4A-11EF-4348-9717-9FE26E9E6E86}"
EndProject
Project("{FAE04EC0-301F-11D3-BF4B-00C04F79EFBC}") = "FilmsModels", "4 Lab\FilmsModels\FilmsModels.csproj", "{171F4738-DA7B-4964-BD6E-517D14E51B27}"
EndProject
Project("{FAE04EC0-301F-11D3-BF4B-00C04F79EFBC}") = "FilmsViews", "4 Lab\FilmsViews\FilmsViews.csproj", "{CD9B340B-8E34-4CAB-B770-C6292CE363B2}"
EndProject
Global
	GlobalSection(SolutionConfigurationPlatforms) = preSolution
		Debug|Any CPU = Debug|Any CPU
		Release|Any CPU = Release|Any CPU
	EndGlobalSection
	GlobalSection(ProjectConfigurationPlatforms) = postSolution
		{84329BB1-6EC8-4A8F-8633-2F8F6C10BCA7}.Debug|Any CPU.ActiveCfg = Debug|Any CPU
		{84329BB1-6EC8-4A8F-8633-2F8F6C10BCA7}.Debug|Any CPU.Build.0 = Debug|Any CPU
		{84329BB1-6EC8-4A8F-8633-2F8F6C10BCA7}.Release|Any CPU.ActiveCfg = Release|Any CPU
		{84329BB1-6EC8-4A8F-8633-2F8F6C10BCA7}.Release|Any CPU.Build.0 = Release|Any CPU
		{887BA5E3-BBC9-459A-A32E-1A241E1F0540}.Debug|Any CPU.ActiveCfg = Debug|Any CPU
		{887BA5E3-BBC9-459A-A32E-1A241E1F0540}.Debug|Any CPU.Build.0 = Debug|Any CPU
		{887BA5E3-BBC9-459A-A32E-1A241E1F0540}.Release|Any CPU.ActiveCfg = Release|Any CPU
		{887BA5E3-BBC9-459A-A32E-1A241E1F0540}.Release|Any CPU.Build.0 = Release|Any CPU
		{256672A5-E68B-4889-A068-A29CBF0E770C}.Debug|Any CPU.ActiveCfg = Debug|Any CPU
		{256672A5-E68B-4889-A068-A29CBF0E770C}.Debug|Any CPU.Build.0 = Debug|Any CPU
		{256672A5-E68B-4889-A068-A29CBF0E770C}.Release|Any CPU.ActiveCfg = Release|Any CPU
		{256672A5-E68B-4889-A068-A29CBF0E770C}.Release|Any CPU.Build.0 = Release|Any CPU
		{613AAEA3-9834-490D-9209-E7D2793CB0C1}.Debug|Any CPU.ActiveCfg = Debug|Any CPU
		{613AAEA3-9834-490D-9209-E7D2793CB0C1}.Debug|Any CPU.Build.0 = Debug|Any CPU
		{613AAEA3-9834-490D-9209-E7D2793CB0C1}.Release|Any CPU.ActiveCfg = Release|Any CPU
		{613AAEA3-9834-490D-9209-E7D2793CB0C1}.Release|Any CPU.Build.0 = Release|Any CPU
		{6810E9BF-9BBE-4A37-8F90-6EA0A2EE9490}.Debug|Any CPU.ActiveCfg = Debug|Any CPU
		{6810E9BF-9BBE-4A37-8F90-6EA0A2EE9490}.Debug|Any CPU.Build.0 = Debug|Any CPU
		{6810E9BF-9BBE-4A37-8F90-6EA0A2EE9490}.Release|Any CPU.ActiveCfg = Release|Any CPU
		{6810E9BF-9BBE-4A37-8F90-6EA0A2EE9490}.Release|Any CPU.Build.0 = Release|Any CPU
		{084270BF-0305-4308-AB3E-DBCE7C59FCF9}.Debug|Any CPU.ActiveCfg = Debug|Any CPU
		{084270BF-0305-4308-AB3E-DBCE7C59FCF9}.Debug|Any CPU.Build.0 = Debug|Any CPU
		{084270BF-0305-4308-AB3E-DBCE7C59FCF9}.Release|Any CPU.ActiveCfg = Release|Any CPU
		{084270BF-0305-4308-AB3E-DBCE7C59FCF9}.Release|Any CPU.Build.0 = Release|Any CPU
		{171F4738-DA7B-4964-BD6E-517D14E51B27}.Debug|Any CPU.ActiveCfg = Debug|Any CPU
		{171F4738-DA7B-4964-BD6E-517D14E51B27}.Debug|Any CPU.Build.0 = Debug|Any CPU
		{171F4738-DA7B-4964-BD6E-517D14E51B27}.Release|Any CPU.ActiveCfg = Release|Any CPU
		{171F4738-DA7B-4964-BD6E-517D14E51B27}.Release|Any CPU.Build.0 = Release|Any CPU
		{CD9B340B-8E34-4CAB-B770-C6292CE363B2}.Debug|Any CPU.ActiveCfg = Debug|Any CPU
		{CD9B340B-8E34-4CAB-B770-C6292CE363B2}.Debug|Any CPU.Build.0 = Debug|Any CPU
		{CD9B340B-8E34-4CAB-B770-C6292CE363B2}.Release|Any CPU.ActiveCfg = Release|Any CPU
		{CD9B340B-8E34-4CAB-B770-C6292CE363B2}.Release|Any CPU.Build.0 = Release|Any CPU
	EndGlobalSection
	GlobalSection(SolutionProperties) = preSolution
		HideSolutionNode = FALSE
	EndGlobalSection
	GlobalSection(NestedProjects) = preSolution
		{84329BB1-6EC8-4A8F-8633-2F8F6C10BCA7} = {2F810A48-F9FB-40C2-9575-554C06EF2698}
		{887BA5E3-BBC9-459A-A32E-1A241E1F0540} = {2F810A48-F9FB-40C2-9575-554C06EF2698}
		{256672A5-E68B-4889-A068-A29CBF0E770C} = {59461031-60E5-4051-BCBC-90C957152306}
		{613AAEA3-9834-490D-9209-E7D2793CB0C1} = {59461031-60E5-4051-BCBC-90C957152306}
		{6810E9BF-9BBE-4A37-8F90-6EA0A2EE9490} = {165A244D-C376-48E2-A1A5-B27FB5DE1795}
		{084270BF-0305-4308-AB3E-DBCE7C59FCF9} = {165A244D-C376-48E2-A1A5-B27FB5DE1795}
		{171F4738-DA7B-4964-BD6E-517D14E51B27} = {ACBAAE4A-11EF-4348-9717-9FE26E9E6E86}
		{CD9B340B-8E34-4CAB-B770-C6292CE363B2} = {ACBAAE4A-11EF-4348-9717-9FE26E9E6E86}
	EndGlobalSection
	GlobalSection(ExtensibilityGlobals) = postSolution
		SolutionGuid = {B3CC8B40-4EF5-4AC8-8D03-B0B98C1AA649}
	EndGlobalSection
EndGlobal
